
Microsoft Visual Studio Solution File, Format Version 12.00
# Visual Studio 15
VisualStudioVersion = 15.0.27428.2002
MinimumVisualStudioVersion = 10.0.40219.1
Project("{FAE04EC0-301F-11D3-BF4B-00C04F79EFBC}") = "AppWPF", "AppWPF\AppWPF.csproj", "{2AEF4531-97C1-4D49-8E22-3DED2CFFA0F6}"
EndProject
Global
	GlobalSection(SolutionConfigurationPlatforms) = preSolution
		Debug|Any CPU = Debug|Any CPU
		Release|Any CPU = Release|Any CPU
	EndGlobalSection
	GlobalSection(ProjectConfigurationPlatforms) = postSolution
		{2AEF4531-97C1-4D49-8E22-3DED2CFFA0F6}.Debug|Any CPU.ActiveCfg = Debug|Any CPU
		{2AEF4531-97C1-4D49-8E22-3DED2CFFA0F6}.Debug|Any CPU.Build.0 = Debug|Any CPU
		{2AEF4531-97C1-4D49-8E22-3DED2CFFA0F6}.Release|Any CPU.ActiveCfg = Release|Any CPU
		{2AEF4531-97C1-4D49-8E22-3DED2CFFA0F6}.Release|Any CPU.Build.0 = Release|Any CPU
	EndGlobalSection
	GlobalSection(SolutionProperties) = preSolution
		HideSolutionNode = FALSE
	EndGlobalSection
	GlobalSection(ExtensibilityGlobals) = postSolution
		SolutionGuid = {3B04AFB1-B757-49A5-B862-C55366384DE7}
	EndGlobalSection
EndGlobal
